// !$*UTF8*$!
{
	archiveVersion = 1;
	classes = {
	};
	objectVersion = 46;
	objects = {

/* Begin PBXBuildFile section */
		23238C6819C63FE7B1F8006F /* libPods-HSLProxy.a in Frameworks */ = {isa = PBXBuildFile; fileRef = DD35467BD69C87E47700E51C /* libPods-HSLProxy.a */; };
		C58F8C6E1CDB7453004675F6 /* main.m in Sources */ = {isa = PBXBuildFile; fileRef = C58F8C6D1CDB7453004675F6 /* main.m */; };
		C58F8C711CDB7453004675F6 /* AppDelegate.m in Sources */ = {isa = PBXBuildFile; fileRef = C58F8C701CDB7453004675F6 /* AppDelegate.m */; };
		C58F8C741CDB7453004675F6 /* ViewController.m in Sources */ = {isa = PBXBuildFile; fileRef = C58F8C731CDB7453004675F6 /* ViewController.m */; };
		C58F8C771CDB7453004675F6 /* Main.storyboard in Resources */ = {isa = PBXBuildFile; fileRef = C58F8C751CDB7453004675F6 /* Main.storyboard */; };
		C58F8C791CDB7453004675F6 /* Assets.xcassets in Resources */ = {isa = PBXBuildFile; fileRef = C58F8C781CDB7453004675F6 /* Assets.xcassets */; };
		C58F8C7C1CDB7453004675F6 /* LaunchScreen.storyboard in Resources */ = {isa = PBXBuildFile; fileRef = C58F8C7A1CDB7453004675F6 /* LaunchScreen.storyboard */; };
		C58F8C881CDB830E004675F6 /* PxHTTPConnection.m in Sources */ = {isa = PBXBuildFile; fileRef = C58F8C871CDB830E004675F6 /* PxHTTPConnection.m */; };
/* End PBXBuildFile section */

/* Begin PBXFileReference section */
		0F24E581EC19F892DC8B43C2 /* Pods-HSLProxy.debug.xcconfig */ = {isa = PBXFileReference; includeInIndex = 1; lastKnownFileType = text.xcconfig; name = "Pods-HSLProxy.debug.xcconfig"; path = "Pods/Target Support Files/Pods-HSLProxy/Pods-HSLProxy.debug.xcconfig"; sourceTree = "<group>"; };
		3F55133A5B5D1A59B3AE836A /* Pods-HSLProxy.release.xcconfig */ = {isa = PBXFileReference; includeInIndex = 1; lastKnownFileType = text.xcconfig; name = "Pods-HSLProxy.release.xcconfig"; path = "Pods/Target Support Files/Pods-HSLProxy/Pods-HSLProxy.release.xcconfig"; sourceTree = "<group>"; };
		C58F8C691CDB7453004675F6 /* HSLProxy.app */ = {isa = PBXFileReference; explicitFileType = wrapper.application; includeInIndex = 0; path = HSLProxy.app; sourceTree = BUILT_PRODUCTS_DIR; };
		C58F8C6D1CDB7453004675F6 /* main.m */ = {isa = PBXFileReference; lastKnownFileType = sourcecode.c.objc; path = main.m; sourceTree = "<group>"; };
		C58F8C6F1CDB7453004675F6 /* AppDelegate.h */ = {isa = PBXFileReference; lastKnownFileType = sourcecode.c.h; path = AppDelegate.h; sourceTree = "<group>"; };
		C58F8C701CDB7453004675F6 /* AppDelegate.m */ = {isa = PBXFileReference; lastKnownFileType = sourcecode.c.objc; path = AppDelegate.m; sourceTree = "<group>"; };
		C58F8C721CDB7453004675F6 /* ViewController.h */ = {isa = PBXFileReference; lastKnownFileType = sourcecode.c.h; path = ViewController.h; sourceTree = "<group>"; };
		C58F8C731CDB7453004675F6 /* ViewController.m */ = {isa = PBXFileReference; lastKnownFileType = sourcecode.c.objc; path = ViewController.m; sourceTree = "<group>"; };
		C58F8C761CDB7453004675F6 /* Base */ = {isa = PBXFileReference; lastKnownFileType = file.storyboard; name = Base; path = Base.lproj/Main.storyboard; sourceTree = "<group>"; };
		C58F8C781CDB7453004675F6 /* Assets.xcassets */ = {isa = PBXFileReference; lastKnownFileType = folder.assetcatalog; path = Assets.xcassets; sourceTree = "<group>"; };
		C58F8C7B1CDB7453004675F6 /* Base */ = {isa = PBXFileReference; lastKnownFileType = file.storyboard; name = Base; path = Base.lproj/LaunchScreen.storyboard; sourceTree = "<group>"; };
		C58F8C7D1CDB7453004675F6 /* Info.plist */ = {isa = PBXFileReference; lastKnownFileType = text.plist.xml; path = Info.plist; sourceTree = "<group>"; };
		C58F8C861CDB830E004675F6 /* PxHTTPConnection.h */ = {isa = PBXFileReference; fileEncoding = 4; lastKnownFileType = sourcecode.c.h; path = PxHTTPConnection.h; sourceTree = "<group>"; };
		C58F8C871CDB830E004675F6 /* PxHTTPConnection.m */ = {isa = PBXFileReference; fileEncoding = 4; lastKnownFileType = sourcecode.c.objc; path = PxHTTPConnection.m; sourceTree = "<group>"; };
		DD35467BD69C87E47700E51C /* libPods-HSLProxy.a */ = {isa = PBXFileReference; explicitFileType = archive.ar; includeInIndex = 0; path = "libPods-HSLProxy.a"; sourceTree = BUILT_PRODUCTS_DIR; };
/* End PBXFileReference section */

/* Begin PBXFrameworksBuildPhase section */
		C58F8C661CDB7453004675F6 /* Frameworks */ = {
			isa = PBXFrameworksBuildPhase;
			buildActionMask = 2147483647;
			files = (
				23238C6819C63FE7B1F8006F /* libPods-HSLProxy.a in Frameworks */,
			);
			runOnlyForDeploymentPostprocessing = 0;
		};
/* End PBXFrameworksBuildPhase section */

/* Begin PBXGroup section */
		1AAC15F0AE67AEFC3F28B4AF /* Pods */ = {
			isa = PBXGroup;
			children = (
				0F24E581EC19F892DC8B43C2 /* Pods-HSLProxy.debug.xcconfig */,
				3F55133A5B5D1A59B3AE836A /* Pods-HSLProxy.release.xcconfig */,
			);
			name = Pods;
			sourceTree = "<group>";
		};
		3D0F817ED572C185011FD4AA /* Frameworks */ = {
			isa = PBXGroup;
			children = (
				DD35467BD69C87E47700E51C /* libPods-HSLProxy.a */,
			);
			name = Frameworks;
			sourceTree = "<group>";
		};
		C58F8C601CDB7453004675F6 = {
			isa = PBXGroup;
			children = (
				C58F8C6B1CDB7453004675F6 /* HSLProxy */,
				C58F8C6A1CDB7453004675F6 /* Products */,
				1AAC15F0AE67AEFC3F28B4AF /* Pods */,
				3D0F817ED572C185011FD4AA /* Frameworks */,
			);
			sourceTree = "<group>";
		};
		C58F8C6A1CDB7453004675F6 /* Products */ = {
			isa = PBXGroup;
			children = (
				C58F8C691CDB7453004675F6 /* HSLProxy.app */,
			);
			name = Products;
			sourceTree = "<group>";
		};
		C58F8C6B1CDB7453004675F6 /* HSLProxy */ = {
			isa = PBXGroup;
			children = (
				C58F8C6F1CDB7453004675F6 /* AppDelegate.h */,
				C58F8C701CDB7453004675F6 /* AppDelegate.m */,
				C58F8C861CDB830E004675F6 /* PxHTTPConnection.h */,
				C58F8C871CDB830E004675F6 /* PxHTTPConnection.m */,
				C58F8C721CDB7453004675F6 /* ViewController.h */,
				C58F8C731CDB7453004675F6 /* ViewController.m */,
				C58F8C751CDB7453004675F6 /* Main.storyboard */,
				C58F8C781CDB7453004675F6 /* Assets.xcassets */,
				C58F8C7A1CDB7453004675F6 /* LaunchScreen.storyboard */,
				C58F8C7D1CDB7453004675F6 /* Info.plist */,
				C58F8C6C1CDB7453004675F6 /* Supporting Files */,
			);
			path = HSLProxy;
			sourceTree = "<group>";
		};
		C58F8C6C1CDB7453004675F6 /* Supporting Files */ = {
			isa = PBXGroup;
			children = (
				C58F8C6D1CDB7453004675F6 /* main.m */,
			);
			name = "Supporting Files";
			sourceTree = "<group>";
		};
/* End PBXGroup section */

/* Begin PBXNativeTarget section */
		C58F8C681CDB7453004675F6 /* HSLProxy */ = {
			isa = PBXNativeTarget;
			buildConfigurationList = C58F8C801CDB7453004675F6 /* Build configuration list for PBXNativeTarget "HSLProxy" */;
			buildPhases = (
				0A3D16E49BA46F26C0869371 /* Check Pods Manifest.lock */,
				C58F8C651CDB7453004675F6 /* Sources */,
				C58F8C661CDB7453004675F6 /* Frameworks */,
				C58F8C671CDB7453004675F6 /* Resources */,
				834C80022D6324B60BE7F308 /* Embed Pods Frameworks */,
				70A841F8529C51F156324D0F /* Copy Pods Resources */,
			);
			buildRules = (
			);
			dependencies = (
			);
			name = HSLProxy;
			productName = HSLProxy;
			productReference = C58F8C691CDB7453004675F6 /* HSLProxy.app */;
			productType = "com.apple.product-type.application";
		};
/* End PBXNativeTarget section */

/* Begin PBXProject section */
		C58F8C611CDB7453004675F6 /* Project object */ = {
			isa = PBXProject;
			attributes = {
				LastUpgradeCheck = 0720;
				ORGANIZATIONNAME = "Ryan Detzel";
				TargetAttributes = {
					C58F8C681CDB7453004675F6 = {
						CreatedOnToolsVersion = 7.2.1;
					};
				};
			};
			buildConfigurationList = C58F8C641CDB7453004675F6 /* Build configuration list for PBXProject "HSLProxy" */;
			compatibilityVersion = "Xcode 3.2";
			developmentRegion = English;
			hasScannedForEncodings = 0;
			knownRegions = (
				en,
				Base,
			);
			mainGroup = C58F8C601CDB7453004675F6;
			productRefGroup = C58F8C6A1CDB7453004675F6 /* Products */;
			projectDirPath = "";
			projectRoot = "";
			targets = (
				C58F8C681CDB7453004675F6 /* HSLProxy */,
			);
		};
/* End PBXProject section */

/* Begin PBXResourcesBuildPhase section */
		C58F8C671CDB7453004675F6 /* Resources */ = {
			isa = PBXResourcesBuildPhase;
			buildActionMask = 2147483647;
			files = (
				C58F8C7C1CDB7453004675F6 /* LaunchScreen.storyboard in Resources */,
				C58F8C791CDB7453004675F6 /* Assets.xcassets in Resources */,
				C58F8C771CDB7453004675F6 /* Main.storyboard in Resources */,
			);
			runOnlyForDeploymentPostprocessing = 0;
		};
/* End PBXResourcesBuildPhase section */

/* Begin PBXShellScriptBuildPhase section */
		0A3D16E49BA46F26C0869371 /* Check Pods Manifest.lock */ = {
			isa = PBXShellScriptBuildPhase;
			buildActionMask = 2147483647;
			files = (
			);
			inputPaths = (
			);
			name = "Check Pods Manifest.lock";
			outputPaths = (
			);
			runOnlyForDeploymentPostprocessing = 0;
			shellPath = /bin/sh;
			shellScript = "diff \"${PODS_ROOT}/../Podfile.lock\" \"${PODS_ROOT}/Manifest.lock\" > /dev/null\nif [[ $? != 0 ]] ; then\n    cat << EOM\nerror: The sandbox is not in sync with the Podfile.lock. Run 'pod install' or update your CocoaPods installation.\nEOM\n    exit 1\nfi\n";
			showEnvVarsInLog = 0;
		};
		70A841F8529C51F156324D0F /* Copy Pods Resources */ = {
			isa = PBXShellScriptBuildPhase;
			buildActionMask = 2147483647;
			files = (
			);
			inputPaths = (
			);
			name = "Copy Pods Resources";
			outputPaths = (
			);
			runOnlyForDeploymentPostprocessing = 0;
			shellPath = /bin/sh;
			shellScript = "\"${SRCROOT}/Pods/Target Support Files/Pods-HSLProxy/Pods-HSLProxy-resources.sh\"\n";
			showEnvVarsInLog = 0;
		};
		834C80022D6324B60BE7F308 /* Embed Pods Frameworks */ = {
			isa = PBXShellScriptBuildPhase;
			buildActionMask = 2147483647;
			files = (
			);
			inputPaths = (
			);
			name = "Embed Pods Frameworks";
			outputPaths = (
			);
			runOnlyForDeploymentPostprocessing = 0;
			shellPath = /bin/sh;
			shellScript = "\"${SRCROOT}/Pods/Target Support Files/Pods-HSLProxy/Pods-HSLProxy-frameworks.sh\"\n";
			showEnvVarsInLog = 0;
		};
/* End PBXShellScriptBuildPhase section */

/* Begin PBXSourcesBuildPhase section */
		C58F8C651CDB7453004675F6 /* Sources */ = {
			isa = PBXSourcesBuildPhase;
			buildActionMask = 2147483647;
			files = (
				C58F8C881CDB830E004675F6 /* PxHTTPConnection.m in Sources */,
				C58F8C741CDB7453004675F6 /* ViewController.m in Sources */,
				C58F8C711CDB7453004675F6 /* AppDelegate.m in Sources */,
				C58F8C6E1CDB7453004675F6 /* main.m in Sources */,
			);
			runOnlyForDeploymentPostprocessing = 0;
		};
/* End PBXSourcesBuildPhase section */

/* Begin PBXVariantGroup section */
		C58F8C751CDB7453004675F6 /* Main.storyboard */ = {
			isa = PBXVariantGroup;
			children = (
				C58F8C761CDB7453004675F6 /* Base */,
			);
			name = Main.storyboard;
			sourceTree = "<group>";
		};
		C58F8C7A1CDB7453004675F6 /* LaunchScreen.storyboard */ = {
			isa = PBXVariantGroup;
			children = (
				C58F8C7B1CDB7453004675F6 /* Base */,
			);
			name = LaunchScreen.storyboard;
			sourceTree = "<group>";
		};
/* End PBXVariantGroup section */

/* Begin XCBuildConfiguration section */
		C58F8C7E1CDB7453004675F6 /* Debug */ = {
			isa = XCBuildConfiguration;
			buildSettings = {
				ALWAYS_SEARCH_USER_PATHS = NO;
				CLANG_CXX_LANGUAGE_STANDARD = "gnu++0x";
				CLANG_CXX_LIBRARY = "libc++";
				CLANG_ENABLE_MODULES = YES;
				CLANG_ENABLE_OBJC_ARC = YES;
				CLANG_WARN_BOOL_CONVERSION = YES;
				CLANG_WARN_CONSTANT_CONVERSION = YES;
				CLANG_WARN_DIRECT_OBJC_ISA_USAGE = YES_ERROR;
				CLANG_WARN_EMPTY_BODY = YES;
				CLANG_WARN_ENUM_CONVERSION = YES;
				CLANG_WARN_INT_CONVERSION = YES;
				CLANG_WARN_OBJC_ROOT_CLASS = YES_ERROR;
				CLANG_WARN_UNREACHABLE_CODE = YES;
				CLANG_WARN__DUPLICATE_METHOD_MATCH = YES;
				"CODE_SIGN_IDENTITY[sdk=iphoneos*]" = "iPhone Developer";
				COPY_PHASE_STRIP = NO;
				DEBUG_INFORMATION_FORMAT = dwarf;
				ENABLE_STRICT_OBJC_MSGSEND = YES;
				ENABLE_TESTABILITY = YES;
				GCC_C_LANGUAGE_STANDARD = gnu99;
				GCC_DYNAMIC_NO_PIC = NO;
				GCC_NO_COMMON_BLOCKS = YES;
				GCC_OPTIMIZATION_LEVEL = 0;
				GCC_PREPROCESSOR_DEFINITIONS = (
					"DEBUG=1",
					"$(inherited)",
				);
				GCC_WARN_64_TO_32_BIT_CONVERSION = YES;
				GCC_WARN_ABOUT_RETURN_TYPE = YES_ERROR;
				GCC_WARN_UNDECLARED_SELECTOR = YES;
				GCC_WARN_UNINITIALIZED_AUTOS = YES_AGGRESSIVE;
				GCC_WARN_UNUSED_FUNCTION = YES;
				GCC_WARN_UNUSED_VARIABLE = YES;
				IPHONEOS_DEPLOYMENT_TARGET = 9.2;
				MTL_ENABLE_DEBUG_INFO = YES;
				ONLY_ACTIVE_ARCH = YES;
				SDKROOT = iphoneos;
				TARGETED_DEVICE_FAMILY = "1,2";
			};
			name = Debug;
		};
		C58F8C7F1CDB7453004675F6 /* Release */ = {
			isa = XCBuildConfiguration;
			buildSettings = {
				ALWAYS_SEARCH_USER_PATHS = NO;
				CLANG_CXX_LANGUAGE_STANDARD = "gnu++0x";
				CLANG_CXX_LIBRARY = "libc++";
				CLANG_ENABLE_MODULES = YES;
				CLANG_ENABLE_OBJC_ARC = YES;
				CLANG_WARN_BOOL_CONVERSION = YES;
				CLANG_WARN_CONSTANT_CONVERSION = YES;
				CLANG_WARN_DIRECT_OBJC_ISA_USAGE = YES_ERROR;
				CLANG_WARN_EMPTY_BODY = YES;
				CLANG_WARN_ENUM_CONVERSION = YES;
				CLANG_WARN_INT_CONVERSION = YES;
				CLANG_WARN_OBJC_ROOT_CLASS = YES_ERROR;
				CLANG_WARN_UNREACHABLE_CODE = YES;
				CLANG_WARN__DUPLICATE_METHOD_MATCH = YES;
				"CODE_SIGN_IDENTITY[sdk=iphoneos*]" = "iPhone Developer";
				COPY_PHASE_STRIP = NO;
				DEBUG_INFORMATION_FORMAT = "dwarf-with-dsym";
				ENABLE_NS_ASSERTIONS = NO;
				ENABLE_STRICT_OBJC_MSGSEND = YES;
				GCC_C_LANGUAGE_STANDARD = gnu99;
				GCC_NO_COMMON_BLOCKS = YES;
				GCC_WARN_64_TO_32_BIT_CONVERSION = YES;
				GCC_WARN_ABOUT_RETURN_TYPE = YES_ERROR;
				GCC_WARN_UNDECLARED_SELECTOR = YES;
				GCC_WARN_UNINITIALIZED_AUTOS = YES_AGGRESSIVE;
				GCC_WARN_UNUSED_FUNCTION = YES;
				GCC_WARN_UNUSED_VARIABLE = YES;
				IPHONEOS_DEPLOYMENT_TARGET = 9.2;
				MTL_ENABLE_DEBUG_INFO = NO;
				SDKROOT = iphoneos;
				TARGETED_DEVICE_FAMILY = "1,2";
				VALIDATE_PRODUCT = YES;
			};
			name = Release;
		};
		C58F8C811CDB7453004675F6 /* Debug */ = {
			isa = XCBuildConfiguration;
			baseConfigurationReference = 0F24E581EC19F892DC8B43C2 /* Pods-HSLProxy.debug.xcconfig */;
			buildSettings = {
				ASSETCATALOG_COMPILER_APPICON_NAME = AppIcon;
				INFOPLIST_FILE = HSLProxy/Info.plist;
				LD_RUNPATH_SEARCH_PATHS = "$(inherited) @executable_path/Frameworks";
				PRODUCT_BUNDLE_IDENTIFIER = com.command9.HSLProxy;
				PRODUCT_NAME = "$(TARGET_NAME)";
			};
			name = Debug;
		};
		C58F8C821CDB7453004675F6 /* Release */ = {
			isa = XCBuildConfiguration;
			baseConfigurationReference = 3F55133A5B5D1A59B3AE836A /* Pods-HSLProxy.release.xcconfig */;
			buildSettings = {
				ASSETCATALOG_COMPILER_APPICON_NAME = AppIcon;
				INFOPLIST_FILE = HSLProxy/Info.plist;
				LD_RUNPATH_SEARCH_PATHS = "$(inherited) @executable_path/Frameworks";
				PRODUCT_BUNDLE_IDENTIFIER = com.command9.HSLProxy;
				PRODUCT_NAME = "$(TARGET_NAME)";
			};
			name = Release;
		};
/* End XCBuildConfiguration section */

/* Begin XCConfigurationList section */
		C58F8C641CDB7453004675F6 /* Build configuration list for PBXProject "HSLProxy" */ = {
			isa = XCConfigurationList;
			buildConfigurations = (
				C58F8C7E1CDB7453004675F6 /* Debug */,
				C58F8C7F1CDB7453004675F6 /* Release */,
			);
			defaultConfigurationIsVisible = 0;
			defaultConfigurationName = Release;
		};
		C58F8C801CDB7453004675F6 /* Build configuration list for PBXNativeTarget "HSLProxy" */ = {
			isa = XCConfigurationList;
			buildConfigurations = (
				C58F8C811CDB7453004675F6 /* Debug */,
				C58F8C821CDB7453004675F6 /* Release */,
			);
			defaultConfigurationIsVisible = 0;
			defaultConfigurationName = Release;
		};
/* End XCConfigurationList section */
	};
	rootObject = C58F8C611CDB7453004675F6 /* Project object */;
}
